
Microsoft Visual Studio Solution File, Format Version 12.00
# Visual Studio Version 16
VisualStudioVersion = 16.0.30804.86
MinimumVisualStudioVersion = 10.0.40219.1
Project("{FAE04EC0-301F-11D3-BF4B-00C04F79EFBC}") = "OrchardSkills.RaspberryPi.LedOnOff", "OrchardSkills.RaspberryPi.LedOnOff\OrchardSkills.RaspberryPi.LedOnOff.csproj", "{C4442F0F-6651-4B3C-8599-AD770FB93F72}"
EndProject
Global
	GlobalSection(SolutionConfigurationPlatforms) = preSolution
		Debug|Any CPU = Debug|Any CPU
		Release|Any CPU = Release|Any CPU
	EndGlobalSection
	GlobalSection(ProjectConfigurationPlatforms) = postSolution
		{C4442F0F-6651-4B3C-8599-AD770FB93F72}.Debug|Any CPU.ActiveCfg = Debug|Any CPU
		{C4442F0F-6651-4B3C-8599-AD770FB93F72}.Debug|Any CPU.Build.0 = Debug|Any CPU
		{C4442F0F-6651-4B3C-8599-AD770FB93F72}.Release|Any CPU.ActiveCfg = Release|Any CPU
		{C4442F0F-6651-4B3C-8599-AD770FB93F72}.Release|Any CPU.Build.0 = Release|Any CPU
	EndGlobalSection
	GlobalSection(SolutionProperties) = preSolution
		HideSolutionNode = FALSE
	EndGlobalSection
	GlobalSection(ExtensibilityGlobals) = postSolution
		SolutionGuid = {86B73239-2F54-43FF-A858-DC055D75378B}
	EndGlobalSection
EndGlobal
